
Microsoft Visual Studio Solution File, Format Version 12.00
# Visual Studio Version 17
VisualStudioVersion = 17.14.37027.9 d17.14
MinimumVisualStudioVersion = 10.0.40219.1
Project("{FAE04EC0-301F-11D3-BF4B-00C04F79EFBC}") = "testTaskCitadel", "testTaskCitadel\testTaskCitadel.csproj", "{A8889A1F-DD81-4B9D-B518-E0197370ACD4}"
EndProject
Global
	GlobalSection(SolutionConfigurationPlatforms) = preSolution
		Debug|Any CPU = Debug|Any CPU
		Release|Any CPU = Release|Any CPU
	EndGlobalSection
	GlobalSection(ProjectConfigurationPlatforms) = postSolution
		{A8889A1F-DD81-4B9D-B518-E0197370ACD4}.Debug|Any CPU.ActiveCfg = Debug|Any CPU
		{A8889A1F-DD81-4B9D-B518-E0197370ACD4}.Debug|Any CPU.Build.0 = Debug|Any CPU
		{A8889A1F-DD81-4B9D-B518-E0197370ACD4}.Release|Any CPU.ActiveCfg = Release|Any CPU
		{A8889A1F-DD81-4B9D-B518-E0197370ACD4}.Release|Any CPU.Build.0 = Release|Any CPU
	EndGlobalSection
	GlobalSection(SolutionProperties) = preSolution
		HideSolutionNode = FALSE
	EndGlobalSection
	GlobalSection(ExtensibilityGlobals) = postSolution
		SolutionGuid = {ED1A0D8F-D756-4C58-883C-829B0E577790}
	EndGlobalSection
EndGlobal
